// !$*UTF8*$!
{
	archiveVersion = 1;
	classes = {
	};
	objectVersion = 50;
	objects = {

/* Begin PBXBuildFile section */
		D3923A83CDFF74EA91AD6DCC /* Pods_MultiThreed.framework in Frameworks */ = {isa = PBXBuildFile; fileRef = C4DD163F9D1C1F0E1F6C1EC6 /* Pods_MultiThreed.framework */; };
		F05D0F742694B9D900D42ACB /* AppDelegate.swift in Sources */ = {isa = PBXBuildFile; fileRef = F05D0F732694B9D900D42ACB /* AppDelegate.swift */; };
		F05D0F762694B9D900D42ACB /* ViewController.swift in Sources */ = {isa = PBXBuildFile; fileRef = F05D0F752694B9D900D42ACB /* ViewController.swift */; };
		F05D0F792694B9D900D42ACB /* Main.storyboard in Resources */ = {isa = PBXBuildFile; fileRef = F05D0F772694B9D900D42ACB /* Main.storyboard */; };
		F05D0F7B2694B9DA00D42ACB /* Assets.xcassets in Resources */ = {isa = PBXBuildFile; fileRef = F05D0F7A2694B9DA00D42ACB /* Assets.xcassets */; };
		F05D0F7E2694B9DA00D42ACB /* LaunchScreen.storyboard in Resources */ = {isa = PBXBuildFile; fileRef = F05D0F7C2694B9DA00D42ACB /* LaunchScreen.storyboard */; };
		F05D0F862694BA0A00D42ACB /* SecondViewController.swift in Sources */ = {isa = PBXBuildFile; fileRef = F05D0F852694BA0A00D42ACB /* SecondViewController.swift */; };
/* End PBXBuildFile section */

/* Begin PBXFileReference section */
		86D95B1F1C88CBC9313111C0 /* Pods-MultiThreed.release.xcconfig */ = {isa = PBXFileReference; includeInIndex = 1; lastKnownFileType = text.xcconfig; name = "Pods-MultiThreed.release.xcconfig"; path = "Target Support Files/Pods-MultiThreed/Pods-MultiThreed.release.xcconfig"; sourceTree = "<group>"; };
		B16099A8DD94197133B8E8A1 /* Pods-MultiThreed.debug.xcconfig */ = {isa = PBXFileReference; includeInIndex = 1; lastKnownFileType = text.xcconfig; name = "Pods-MultiThreed.debug.xcconfig"; path = "Target Support Files/Pods-MultiThreed/Pods-MultiThreed.debug.xcconfig"; sourceTree = "<group>"; };
		C4DD163F9D1C1F0E1F6C1EC6 /* Pods_MultiThreed.framework */ = {isa = PBXFileReference; explicitFileType = wrapper.framework; includeInIndex = 0; path = Pods_MultiThreed.framework; sourceTree = BUILT_PRODUCTS_DIR; };
		F05D0F702694B9D900D42ACB /* MultiThreed.app */ = {isa = PBXFileReference; explicitFileType = wrapper.application; includeInIndex = 0; path = MultiThreed.app; sourceTree = BUILT_PRODUCTS_DIR; };
		F05D0F732694B9D900D42ACB /* AppDelegate.swift */ = {isa = PBXFileReference; lastKnownFileType = sourcecode.swift; path = AppDelegate.swift; sourceTree = "<group>"; };
		F05D0F752694B9D900D42ACB /* ViewController.swift */ = {isa = PBXFileReference; lastKnownFileType = sourcecode.swift; path = ViewController.swift; sourceTree = "<group>"; };
		F05D0F782694B9D900D42ACB /* Base */ = {isa = PBXFileReference; lastKnownFileType = file.storyboard; name = Base; path = Base.lproj/Main.storyboard; sourceTree = "<group>"; };
		F05D0F7A2694B9DA00D42ACB /* Assets.xcassets */ = {isa = PBXFileReference; lastKnownFileType = folder.assetcatalog; path = Assets.xcassets; sourceTree = "<group>"; };
		F05D0F7D2694B9DA00D42ACB /* Base */ = {isa = PBXFileReference; lastKnownFileType = file.storyboard; name = Base; path = Base.lproj/LaunchScreen.storyboard; sourceTree = "<group>"; };
		F05D0F7F2694B9DA00D42ACB /* Info.plist */ = {isa = PBXFileReference; lastKnownFileType = text.plist.xml; path = Info.plist; sourceTree = "<group>"; };
		F05D0F852694BA0A00D42ACB /* SecondViewController.swift */ = {isa = PBXFileReference; lastKnownFileType = sourcecode.swift; path = SecondViewController.swift; sourceTree = "<group>"; };
/* End PBXFileReference section */

/* Begin PBXFrameworksBuildPhase section */
		F05D0F6D2694B9D900D42ACB /* Frameworks */ = {
			isa = PBXFrameworksBuildPhase;
			buildActionMask = 2147483647;
			files = (
				D3923A83CDFF74EA91AD6DCC /* Pods_MultiThreed.framework in Frameworks */,
			);
			runOnlyForDeploymentPostprocessing = 0;
		};
/* End PBXFrameworksBuildPhase section */

/* Begin PBXGroup section */
		7356C9B6AE08ECF2386132C1 /* Pods */ = {
			isa = PBXGroup;
			children = (
				B16099A8DD94197133B8E8A1 /* Pods-MultiThreed.debug.xcconfig */,
				86D95B1F1C88CBC9313111C0 /* Pods-MultiThreed.release.xcconfig */,
			);
			name = Pods;
			path = Pods;
			sourceTree = "<group>";
		};
		DB3134553EBE3DB1142175D9 /* Frameworks */ = {
			isa = PBXGroup;
			children = (
				C4DD163F9D1C1F0E1F6C1EC6 /* Pods_MultiThreed.framework */,
			);
			name = Frameworks;
			sourceTree = "<group>";
		};
		F05D0F672694B9D900D42ACB = {
			isa = PBXGroup;
			children = (
				F05D0F722694B9D900D42ACB /* MultiThreed */,
				F05D0F712694B9D900D42ACB /* Products */,
				7356C9B6AE08ECF2386132C1 /* Pods */,
				DB3134553EBE3DB1142175D9 /* Frameworks */,
			);
			sourceTree = "<group>";
		};
		F05D0F712694B9D900D42ACB /* Products */ = {
			isa = PBXGroup;
			children = (
				F05D0F702694B9D900D42ACB /* MultiThreed.app */,
			);
			name = Products;
			sourceTree = "<group>";
		};
		F05D0F722694B9D900D42ACB /* MultiThreed */ = {
			isa = PBXGroup;
			children = (
				F05D0F732694B9D900D42ACB /* AppDelegate.swift */,
				F05D0F752694B9D900D42ACB /* ViewController.swift */,
				F05D0F852694BA0A00D42ACB /* SecondViewController.swift */,
				F05D0F772694B9D900D42ACB /* Main.storyboard */,
				F05D0F7A2694B9DA00D42ACB /* Assets.xcassets */,
				F05D0F7C2694B9DA00D42ACB /* LaunchScreen.storyboard */,
				F05D0F7F2694B9DA00D42ACB /* Info.plist */,
			);
			path = MultiThreed;
			sourceTree = "<group>";
		};
/* End PBXGroup section */

/* Begin PBXNativeTarget section */
		F05D0F6F2694B9D900D42ACB /* MultiThreed */ = {
			isa = PBXNativeTarget;
			buildConfigurationList = F05D0F822694B9DA00D42ACB /* Build configuration list for PBXNativeTarget "MultiThreed" */;
			buildPhases = (
				DB46F61056B0F0CC18252209 /* [CP] Check Pods Manifest.lock */,
				F05D0F6C2694B9D900D42ACB /* Sources */,
				F05D0F6D2694B9D900D42ACB /* Frameworks */,
				F05D0F6E2694B9D900D42ACB /* Resources */,
				26B1A822FB444B45958D9D9D /* [CP] Embed Pods Frameworks */,
			);
			buildRules = (
			);
			dependencies = (
			);
			name = MultiThreed;
			productName = MultiThreed;
			productReference = F05D0F702694B9D900D42ACB /* MultiThreed.app */;
			productType = "com.apple.product-type.application";
		};
/* End PBXNativeTarget section */

/* Begin PBXProject section */
		F05D0F682694B9D900D42ACB /* Project object */ = {
			isa = PBXProject;
			attributes = {
				LastSwiftUpdateCheck = 1010;
				LastUpgradeCheck = 1010;
				ORGANIZATIONNAME = "Никита Ничепорук";
				TargetAttributes = {
					F05D0F6F2694B9D900D42ACB = {
						CreatedOnToolsVersion = 10.1;
					};
				};
			};
			buildConfigurationList = F05D0F6B2694B9D900D42ACB /* Build configuration list for PBXProject "MultiThreed" */;
			compatibilityVersion = "Xcode 9.3";
			developmentRegion = en;
			hasScannedForEncodings = 0;
			knownRegions = (
				en,
				Base,
			);
			mainGroup = F05D0F672694B9D900D42ACB;
			productRefGroup = F05D0F712694B9D900D42ACB /* Products */;
			projectDirPath = "";
			projectRoot = "";
			targets = (
				F05D0F6F2694B9D900D42ACB /* MultiThreed */,
			);
		};
/* End PBXProject section */

/* Begin PBXResourcesBuildPhase section */
		F05D0F6E2694B9D900D42ACB /* Resources */ = {
			isa = PBXResourcesBuildPhase;
			buildActionMask = 2147483647;
			files = (
				F05D0F7E2694B9DA00D42ACB /* LaunchScreen.storyboard in Resources */,
				F05D0F7B2694B9DA00D42ACB /* Assets.xcassets in Resources */,
				F05D0F792694B9D900D42ACB /* Main.storyboard in Resources */,
			);
			runOnlyForDeploymentPostprocessing = 0;
		};
/* End PBXResourcesBuildPhase section */

/* Begin PBXShellScriptBuildPhase section */
		26B1A822FB444B45958D9D9D /* [CP] Embed Pods Frameworks */ = {
			isa = PBXShellScriptBuildPhase;
			buildActionMask = 2147483647;
			files = (
			);
			inputFileListPaths = (
				"${PODS_ROOT}/Target Support Files/Pods-MultiThreed/Pods-MultiThreed-frameworks-${CONFIGURATION}-input-files.xcfilelist",
			);
			name = "[CP] Embed Pods Frameworks";
			outputFileListPaths = (
				"${PODS_ROOT}/Target Support Files/Pods-MultiThreed/Pods-MultiThreed-frameworks-${CONFIGURATION}-output-files.xcfilelist",
			);
			runOnlyForDeploymentPostprocessing = 0;
			shellPath = /bin/sh;
			shellScript = "\"${PODS_ROOT}/Target Support Files/Pods-MultiThreed/Pods-MultiThreed-frameworks.sh\"\n";
			showEnvVarsInLog = 0;
		};
		DB46F61056B0F0CC18252209 /* [CP] Check Pods Manifest.lock */ = {
			isa = PBXShellScriptBuildPhase;
			buildActionMask = 2147483647;
			files = (
			);
			inputFileListPaths = (
			);
			inputPaths = (
				"${PODS_PODFILE_DIR_PATH}/Podfile.lock",
				"${PODS_ROOT}/Manifest.lock",
			);
			name = "[CP] Check Pods Manifest.lock";
			outputFileListPaths = (
			);
			outputPaths = (
				"$(DERIVED_FILE_DIR)/Pods-MultiThreed-checkManifestLockResult.txt",
			);
			runOnlyForDeploymentPostprocessing = 0;
			shellPath = /bin/sh;
			shellScript = "diff \"${PODS_PODFILE_DIR_PATH}/Podfile.lock\" \"${PODS_ROOT}/Manifest.lock\" > /dev/null\nif [ $? != 0 ] ; then\n    # print error to STDERR\n    echo \"error: The sandbox is not in sync with the Podfile.lock. Run 'pod install' or update your CocoaPods installation.\" >&2\n    exit 1\nfi\n# This output is used by Xcode 'outputs' to avoid re-running this script phase.\necho \"SUCCESS\" > \"${SCRIPT_OUTPUT_FILE_0}\"\n";
			showEnvVarsInLog = 0;
		};
/* End PBXShellScriptBuildPhase section */

/* Begin PBXSourcesBuildPhase section */
		F05D0F6C2694B9D900D42ACB /* Sources */ = {
			isa = PBXSourcesBuildPhase;
			buildActionMask = 2147483647;
			files = (
				F05D0F862694BA0A00D42ACB /* SecondViewController.swift in Sources */,
				F05D0F762694B9D900D42ACB /* ViewController.swift in Sources */,
				F05D0F742694B9D900D42ACB /* AppDelegate.swift in Sources */,
			);
			runOnlyForDeploymentPostprocessing = 0;
		};
/* End PBXSourcesBuildPhase section */

/* Begin PBXVariantGroup section */
		F05D0F772694B9D900D42ACB /* Main.storyboard */ = {
			isa = PBXVariantGroup;
			children = (
				F05D0F782694B9D900D42ACB /* Base */,
			);
			name = Main.storyboard;
			sourceTree = "<group>";
		};
		F05D0F7C2694B9DA00D42ACB /* LaunchScreen.storyboard */ = {
			isa = PBXVariantGroup;
			children = (
				F05D0F7D2694B9DA00D42ACB /* Base */,
			);
			name = LaunchScreen.storyboard;
			sourceTree = "<group>";
		};
/* End PBXVariantGroup section */

/* Begin XCBuildConfiguration section */
		F05D0F802694B9DA00D42ACB /* Debug */ = {
			isa = XCBuildConfiguration;
			buildSettings = {
				ALWAYS_SEARCH_USER_PATHS = NO;
				CLANG_ANALYZER_NONNULL = YES;
				CLANG_ANALYZER_NUMBER_OBJECT_CONVERSION = YES_AGGRESSIVE;
				CLANG_CXX_LANGUAGE_STANDARD = "gnu++14";
				CLANG_CXX_LIBRARY = "libc++";
				CLANG_ENABLE_MODULES = YES;
				CLANG_ENABLE_OBJC_ARC = YES;
				CLANG_ENABLE_OBJC_WEAK = YES;
				CLANG_WARN_BLOCK_CAPTURE_AUTORELEASING = YES;
				CLANG_WARN_BOOL_CONVERSION = YES;
				CLANG_WARN_COMMA = YES;
				CLANG_WARN_CONSTANT_CONVERSION = YES;
				CLANG_WARN_DEPRECATED_OBJC_IMPLEMENTATIONS = YES;
				CLANG_WARN_DIRECT_OBJC_ISA_USAGE = YES_ERROR;
				CLANG_WARN_DOCUMENTATION_COMMENTS = YES;
				CLANG_WARN_EMPTY_BODY = YES;
				CLANG_WARN_ENUM_CONVERSION = YES;
				CLANG_WARN_INFINITE_RECURSION = YES;
				CLANG_WARN_INT_CONVERSION = YES;
				CLANG_WARN_NON_LITERAL_NULL_CONVERSION = YES;
				CLANG_WARN_OBJC_IMPLICIT_RETAIN_SELF = YES;
				CLANG_WARN_OBJC_LITERAL_CONVERSION = YES;
				CLANG_WARN_OBJC_ROOT_CLASS = YES_ERROR;
				CLANG_WARN_RANGE_LOOP_ANALYSIS = YES;
				CLANG_WARN_STRICT_PROTOTYPES = YES;
				CLANG_WARN_SUSPICIOUS_MOVE = YES;
				CLANG_WARN_UNGUARDED_AVAILABILITY = YES_AGGRESSIVE;
				CLANG_WARN_UNREACHABLE_CODE = YES;
				CLANG_WARN__DUPLICATE_METHOD_MATCH = YES;
				CODE_SIGN_IDENTITY = "iPhone Developer";
				COPY_PHASE_STRIP = NO;
				DEBUG_INFORMATION_FORMAT = dwarf;
				ENABLE_STRICT_OBJC_MSGSEND = YES;
				ENABLE_TESTABILITY = YES;
				GCC_C_LANGUAGE_STANDARD = gnu11;
				GCC_DYNAMIC_NO_PIC = NO;
				GCC_NO_COMMON_BLOCKS = YES;
				GCC_OPTIMIZATION_LEVEL = 0;
				GCC_PREPROCESSOR_DEFINITIONS = (
					"DEBUG=1",
					"$(inherited)",
				);
				GCC_WARN_64_TO_32_BIT_CONVERSION = YES;
				GCC_WARN_ABOUT_RETURN_TYPE = YES_ERROR;
				GCC_WARN_UNDECLARED_SELECTOR = YES;
				GCC_WARN_UNINITIALIZED_AUTOS = YES_AGGRESSIVE;
				GCC_WARN_UNUSED_FUNCTION = YES;
				GCC_WARN_UNUSED_VARIABLE = YES;
				IPHONEOS_DEPLOYMENT_TARGET = 12.1;
				MTL_ENABLE_DEBUG_INFO = INCLUDE_SOURCE;
				MTL_FAST_MATH = YES;
				ONLY_ACTIVE_ARCH = YES;
				SDKROOT = iphoneos;
				SWIFT_ACTIVE_COMPILATION_CONDITIONS = DEBUG;
				SWIFT_OPTIMIZATION_LEVEL = "-Onone";
			};
			name = Debug;
		};
		F05D0F812694B9DA00D42ACB /* Release */ = {
			isa = XCBuildConfiguration;
			buildSettings = {
				ALWAYS_SEARCH_USER_PATHS = NO;
				CLANG_ANALYZER_NONNULL = YES;
				CLANG_ANALYZER_NUMBER_OBJECT_CONVERSION = YES_AGGRESSIVE;
				CLANG_CXX_LANGUAGE_STANDARD = "gnu++14";
				CLANG_CXX_LIBRARY = "libc++";
				CLANG_ENABLE_MODULES = YES;
				CLANG_ENABLE_OBJC_ARC = YES;
				CLANG_ENABLE_OBJC_WEAK = YES;
				CLANG_WARN_BLOCK_CAPTURE_AUTORELEASING = YES;
				CLANG_WARN_BOOL_CONVERSION = YES;
				CLANG_WARN_COMMA = YES;
				CLANG_WARN_CONSTANT_CONVERSION = YES;
				CLANG_WARN_DEPRECATED_OBJC_IMPLEMENTATIONS = YES;
				CLANG_WARN_DIRECT_OBJC_ISA_USAGE = YES_ERROR;
				CLANG_WARN_DOCUMENTATION_COMMENTS = YES;
				CLANG_WARN_EMPTY_BODY = YES;
				CLANG_WARN_ENUM_CONVERSION = YES;
				CLANG_WARN_INFINITE_RECURSION = YES;
				CLANG_WARN_INT_CONVERSION = YES;
				CLANG_WARN_NON_LITERAL_NULL_CONVERSION = YES;
				CLANG_WARN_OBJC_IMPLICIT_RETAIN_SELF = YES;
				CLANG_WARN_OBJC_LITERAL_CONVERSION = YES;
				CLANG_WARN_OBJC_ROOT_CLASS = YES_ERROR;
				CLANG_WARN_RANGE_LOOP_ANALYSIS = YES;
				CLANG_WARN_STRICT_PROTOTYPES = YES;
				CLANG_WARN_SUSPICIOUS_MOVE = YES;
				CLANG_WARN_UNGUARDED_AVAILABILITY = YES_AGGRESSIVE;
				CLANG_WARN_UNREACHABLE_CODE = YES;
				CLANG_WARN__DUPLICATE_METHOD_MATCH = YES;
				CODE_SIGN_IDENTITY = "iPhone Developer";
				COPY_PHASE_STRIP = NO;
				DEBUG_INFORMATION_FORMAT = "dwarf-with-dsym";
				ENABLE_NS_ASSERTIONS = NO;
				ENABLE_STRICT_OBJC_MSGSEND = YES;
				GCC_C_LANGUAGE_STANDARD = gnu11;
				GCC_NO_COMMON_BLOCKS = YES;
				GCC_WARN_64_TO_32_BIT_CONVERSION = YES;
				GCC_WARN_ABOUT_RETURN_TYPE = YES_ERROR;
				GCC_WARN_UNDECLARED_SELECTOR = YES;
				GCC_WARN_UNINITIALIZED_AUTOS = YES_AGGRESSIVE;
				GCC_WARN_UNUSED_FUNCTION = YES;
				GCC_WARN_UNUSED_VARIABLE = YES;
				IPHONEOS_DEPLOYMENT_TARGET = 12.1;
				MTL_ENABLE_DEBUG_INFO = NO;
				MTL_FAST_MATH = YES;
				SDKROOT = iphoneos;
				SWIFT_COMPILATION_MODE = wholemodule;
				SWIFT_OPTIMIZATION_LEVEL = "-O";
				VALIDATE_PRODUCT = YES;
			};
			name = Release;
		};
		F05D0F832694B9DA00D42ACB /* Debug */ = {
			isa = XCBuildConfiguration;
			baseConfigurationReference = B16099A8DD94197133B8E8A1 /* Pods-MultiThreed.debug.xcconfig */;
			buildSettings = {
				ASSETCATALOG_COMPILER_APPICON_NAME = AppIcon;
				CODE_SIGN_STYLE = Automatic;
				INFOPLIST_FILE = MultiThreed/Info.plist;
				LD_RUNPATH_SEARCH_PATHS = (
					"$(inherited)",
					"@executable_path/Frameworks",
				);
				PRODUCT_BUNDLE_IDENTIFIER = "test-2.MultiThreed";
				PRODUCT_NAME = "$(TARGET_NAME)";
				SWIFT_VERSION = 4.2;
				TARGETED_DEVICE_FAMILY = "1,2";
			};
			name = Debug;
		};
		F05D0F842694B9DA00D42ACB /* Release */ = {
			isa = XCBuildConfiguration;
			baseConfigurationReference = 86D95B1F1C88CBC9313111C0 /* Pods-MultiThreed.release.xcconfig */;
			buildSettings = {
				ASSETCATALOG_COMPILER_APPICON_NAME = AppIcon;
				CODE_SIGN_STYLE = Automatic;
				INFOPLIST_FILE = MultiThreed/Info.plist;
				LD_RUNPATH_SEARCH_PATHS = (
					"$(inherited)",
					"@executable_path/Frameworks",
				);
				PRODUCT_BUNDLE_IDENTIFIER = "test-2.MultiThreed";
				PRODUCT_NAME = "$(TARGET_NAME)";
				SWIFT_VERSION = 4.2;
				TARGETED_DEVICE_FAMILY = "1,2";
			};
			name = Release;
		};
/* End XCBuildConfiguration section */

/* Begin XCConfigurationList section */
		F05D0F6B2694B9D900D42ACB /* Build configuration list for PBXProject "MultiThreed" */ = {
			isa = XCConfigurationList;
			buildConfigurations = (
				F05D0F802694B9DA00D42ACB /* Debug */,
				F05D0F812694B9DA00D42ACB /* Release */,
			);
			defaultConfigurationIsVisible = 0;
			defaultConfigurationName = Release;
		};
		F05D0F822694B9DA00D42ACB /* Build configuration list for PBXNativeTarget "MultiThreed" */ = {
			isa = XCConfigurationList;
			buildConfigurations = (
				F05D0F832694B9DA00D42ACB /* Debug */,
				F05D0F842694B9DA00D42ACB /* Release */,
			);
			defaultConfigurationIsVisible = 0;
			defaultConfigurationName = Release;
		};
/* End XCConfigurationList section */
	};
	rootObject = F05D0F682694B9D900D42ACB /* Project object */;
}
